
Microsoft Visual Studio Solution File, Format Version 12.00
# Visual Studio Version 16
VisualStudioVersion = 16.0.28803.352
MinimumVisualStudioVersion = 10.0.40219.1
Project("{FAE04EC0-301F-11D3-BF4B-00C04F79EFBC}") = "Grafos", "Grafos\Grafos.csproj", "{28BD9236-652E-4B8A-8E37-DA3B9263BC4A}"
EndProject
Global
	GlobalSection(SolutionConfigurationPlatforms) = preSolution
		Debug|Any CPU = Debug|Any CPU
		Release|Any CPU = Release|Any CPU
	EndGlobalSection
	GlobalSection(ProjectConfigurationPlatforms) = postSolution
		{28BD9236-652E-4B8A-8E37-DA3B9263BC4A}.Debug|Any CPU.ActiveCfg = Debug|Any CPU
		{28BD9236-652E-4B8A-8E37-DA3B9263BC4A}.Debug|Any CPU.Build.0 = Debug|Any CPU
		{28BD9236-652E-4B8A-8E37-DA3B9263BC4A}.Release|Any CPU.ActiveCfg = Release|Any CPU
		{28BD9236-652E-4B8A-8E37-DA3B9263BC4A}.Release|Any CPU.Build.0 = Release|Any CPU
	EndGlobalSection
	GlobalSection(SolutionProperties) = preSolution
		HideSolutionNode = FALSE
	EndGlobalSection
	GlobalSection(ExtensibilityGlobals) = postSolution
		SolutionGuid = {0469FC13-481C-4937-809C-00B54D5B5486}
	EndGlobalSection
EndGlobal
